
Microsoft Visual Studio Solution File, Format Version 12.00
# Visual Studio Version 17
VisualStudioVersion = 17.9.34622.214
MinimumVisualStudioVersion = 10.0.40219.1
Project("{FAE04EC0-301F-11D3-BF4B-00C04F79EFBC}") = "Server", "Server\Server.csproj", "{DAF561A4-2143-4029-B8D2-6F8A77F0EC1F}"
EndProject
Project("{FAE04EC0-301F-11D3-BF4B-00C04F79EFBC}") = "Client", "Client\Client.csproj", "{754DDF99-7D5E-4CD9-89C7-A5A41467D161}"
EndProject
Project("{FAE04EC0-301F-11D3-BF4B-00C04F79EFBC}") = "BaseLibrary", "BaseLibrary\BaseLibrary.csproj", "{C8023EB9-E4F2-4ED0-B027-81B619B6F745}"
EndProject
Project("{FAE04EC0-301F-11D3-BF4B-00C04F79EFBC}") = "ClientLibrary", "ClientLibrary\ClientLibrary.csproj", "{98F142EF-8682-4D74-825C-8BFBADA2E9F0}"
EndProject
Project("{FAE04EC0-301F-11D3-BF4B-00C04F79EFBC}") = "ServerLibrary", "ServerLibrary\ServerLibrary.csproj", "{078C5F71-2489-41EB-912C-C3F6CAEF4067}"
EndProject
Global
	GlobalSection(SolutionConfigurationPlatforms) = preSolution
		Debug|Any CPU = Debug|Any CPU
		Release|Any CPU = Release|Any CPU
	EndGlobalSection
	GlobalSection(ProjectConfigurationPlatforms) = postSolution
		{DAF561A4-2143-4029-B8D2-6F8A77F0EC1F}.Debug|Any CPU.ActiveCfg = Debug|Any CPU
		{DAF561A4-2143-4029-B8D2-6F8A77F0EC1F}.Debug|Any CPU.Build.0 = Debug|Any CPU
		{DAF561A4-2143-4029-B8D2-6F8A77F0EC1F}.Release|Any CPU.ActiveCfg = Release|Any CPU
		{DAF561A4-2143-4029-B8D2-6F8A77F0EC1F}.Release|Any CPU.Build.0 = Release|Any CPU
		{754DDF99-7D5E-4CD9-89C7-A5A41467D161}.Debug|Any CPU.ActiveCfg = Debug|Any CPU
		{754DDF99-7D5E-4CD9-89C7-A5A41467D161}.Debug|Any CPU.Build.0 = Debug|Any CPU
		{754DDF99-7D5E-4CD9-89C7-A5A41467D161}.Release|Any CPU.ActiveCfg = Release|Any CPU
		{754DDF99-7D5E-4CD9-89C7-A5A41467D161}.Release|Any CPU.Build.0 = Release|Any CPU
		{C8023EB9-E4F2-4ED0-B027-81B619B6F745}.Debug|Any CPU.ActiveCfg = Debug|Any CPU
		{C8023EB9-E4F2-4ED0-B027-81B619B6F745}.Debug|Any CPU.Build.0 = Debug|Any CPU
		{C8023EB9-E4F2-4ED0-B027-81B619B6F745}.Release|Any CPU.ActiveCfg = Release|Any CPU
		{C8023EB9-E4F2-4ED0-B027-81B619B6F745}.Release|Any CPU.Build.0 = Release|Any CPU
		{98F142EF-8682-4D74-825C-8BFBADA2E9F0}.Debug|Any CPU.ActiveCfg = Debug|Any CPU
		{98F142EF-8682-4D74-825C-8BFBADA2E9F0}.Debug|Any CPU.Build.0 = Debug|Any CPU
		{98F142EF-8682-4D74-825C-8BFBADA2E9F0}.Release|Any CPU.ActiveCfg = Release|Any CPU
		{98F142EF-8682-4D74-825C-8BFBADA2E9F0}.Release|Any CPU.Build.0 = Release|Any CPU
		{078C5F71-2489-41EB-912C-C3F6CAEF4067}.Debug|Any CPU.ActiveCfg = Debug|Any CPU
		{078C5F71-2489-41EB-912C-C3F6CAEF4067}.Debug|Any CPU.Build.0 = Debug|Any CPU
		{078C5F71-2489-41EB-912C-C3F6CAEF4067}.Release|Any CPU.ActiveCfg = Release|Any CPU
		{078C5F71-2489-41EB-912C-C3F6CAEF4067}.Release|Any CPU.Build.0 = Release|Any CPU
	EndGlobalSection
	GlobalSection(SolutionProperties) = preSolution
		HideSolutionNode = FALSE
	EndGlobalSection
	GlobalSection(ExtensibilityGlobals) = postSolution
		SolutionGuid = {352B8998-58BC-4795-A744-B9B8784DD0FD}
	EndGlobalSection
EndGlobal
